
Microsoft Visual Studio Solution File, Format Version 12.00
# Visual Studio Version 16
VisualStudioVersion = 16.0.31129.286
MinimumVisualStudioVersion = 10.0.40219.1
Project("{FAE04EC0-301F-11D3-BF4B-00C04F79EFBC}") = "DevIO.UI.Site", "src\DevIO.UI.Site\DevIO.UI.Site.csproj", "{BFF343F4-3A58-4288-A8FB-0B1A173196ED}"
EndProject
Global
	GlobalSection(SolutionConfigurationPlatforms) = preSolution
		Debug|Any CPU = Debug|Any CPU
		Release|Any CPU = Release|Any CPU
	EndGlobalSection
	GlobalSection(ProjectConfigurationPlatforms) = postSolution
		{BFF343F4-3A58-4288-A8FB-0B1A173196ED}.Debug|Any CPU.ActiveCfg = Debug|Any CPU
		{BFF343F4-3A58-4288-A8FB-0B1A173196ED}.Debug|Any CPU.Build.0 = Debug|Any CPU
		{BFF343F4-3A58-4288-A8FB-0B1A173196ED}.Release|Any CPU.ActiveCfg = Release|Any CPU
		{BFF343F4-3A58-4288-A8FB-0B1A173196ED}.Release|Any CPU.Build.0 = Release|Any CPU
	EndGlobalSection
	GlobalSection(SolutionProperties) = preSolution
		HideSolutionNode = FALSE
	EndGlobalSection
	GlobalSection(ExtensibilityGlobals) = postSolution
		SolutionGuid = {3CC8BA7A-78B4-4BD9-857F-9589A9837ADD}
	EndGlobalSection
EndGlobal
